[{<<"afunix">>,
  {git,"git://github.com/openx/afunix.git",
       {ref,"17f5f3361d7069f7c564ed34384736097a2c6039"}},
  0},
 {<<"gproc">>,
  {git,"git://github.com/uwiger/gproc.git",
       {ref,"ce7397809aca0d6eb3aac6db65953752e47fb511"}},
  0},
 {<<"lwes">>,
  {git,"git://github.com/lwes/lwes-erlang.git",
       {ref,"02f3ba9125dbc9ffb839a64d73bae194792405d7"}},
  1},
 {<<"mochiweb">>,
  {git,"https://github.com/mochi/mochiweb",
       {ref,"23dc11959affd9b0849c2ac0ff4200c1c82aa80c"}},
  1},
 {<<"mondemand">>,
  {git,"git://github.com/mondemand/mondemand-erlang.git",
       {ref,"3bd4cf51174022974181db567d558b4c9f24e251"}},
  0},
 {<<"parse_trans">>,
  {git,"git://github.com/uwiger/parse_trans.git",
       {ref,"f22fbf4982bc541518d4a9b3ad305810460724e5"}},
  0},
 {<<"webmachine">>,
  {git,"git://github.com/webmachine/webmachine.git",
       {ref,"c6c2f2d4e41a2761840db7f3668a4e263a93d089"}},
  0}].
