[{<<"afunix">>,
  {git,"git://github.com/openx/afunix.git",
       {ref,"17f5f3361d7069f7c564ed34384736097a2c6039"}},
  0},
 {<<"gproc">>,
  {git,"git://github.com/uwiger/gproc.git",
       {ref,"ce7397809aca0d6eb3aac6db65953752e47fb511"}},
  0},
 {<<"lwes">>,
  {git,"git://github.com/lwes/lwes-erlang.git",
       {ref,"d6ce9ab486cfaadb8231dda771cb6bc8cc6c88df"}},
  1},
 {<<"mochiweb">>,
  {git,"git@github.com:mochi/mochiweb.git",
       {ref,"cedc22f66a8e3f3885fb06babc0c0582418508f8"}},
  1},
 {<<"mondemand">>,
  {git,"git://github.com/mondemand/mondemand-erlang.git",
       {ref,"117d550f9bee5f784554fdffce93474197f77268"}},
  0},
 {<<"parse_trans">>,
  {git,"git://github.com/uwiger/parse_trans.git",
       {ref,"76abb347c3c1d00fb0ccf9e4b43e22b3d2288484"}},
  0},
 {<<"webmachine">>,
  {git,"git://github.com/webmachine/webmachine.git",
       {ref,"92225b82fc702f78cf9d23248023ec841272df80"}},
  0}].
